
Microsoft Visual Studio Solution File, Format Version 12.00
# Visual Studio Version 16
VisualStudioVersion = 16.0.30225.117
MinimumVisualStudioVersion = 10.0.40219.1
Project("{FAE04EC0-301F-11D3-BF4B-00C04F79EFBC}") = "BarbecueRestApi", "BarbecueRestApi\BarbecueRestApi.csproj", "{ACB79078-2209-417F-9F58-990B3B9D5ABF}"
EndProject
Global
	GlobalSection(SolutionConfigurationPlatforms) = preSolution
		Debug|Any CPU = Debug|Any CPU
		Release|Any CPU = Release|Any CPU
	EndGlobalSection
	GlobalSection(ProjectConfigurationPlatforms) = postSolution
		{ACB79078-2209-417F-9F58-990B3B9D5ABF}.Debug|Any CPU.ActiveCfg = Debug|Any CPU
		{ACB79078-2209-417F-9F58-990B3B9D5ABF}.Debug|Any CPU.Build.0 = Debug|Any CPU
		{ACB79078-2209-417F-9F58-990B3B9D5ABF}.Release|Any CPU.ActiveCfg = Release|Any CPU
		{ACB79078-2209-417F-9F58-990B3B9D5ABF}.Release|Any CPU.Build.0 = Release|Any CPU
	EndGlobalSection
	GlobalSection(SolutionProperties) = preSolution
		HideSolutionNode = FALSE
	EndGlobalSection
	GlobalSection(ExtensibilityGlobals) = postSolution
		SolutionGuid = {13234211-C4BB-470B-B2B4-70D8C3413BF9}
	EndGlobalSection
EndGlobal
